// !$*UTF8*$!
{
	archiveVersion = 1;
	classes = {
	};
	objectVersion = 46;
	objects = {

/* Begin PBXBuildFile section */
		EBF910D11BA7CC7700787E60 /* main.m in Sources */ = {isa = PBXBuildFile; fileRef = EBF910D01BA7CC7700787E60 /* main.m */; };
		EBF910D41BA7CC7700787E60 /* AppDelegate.m in Sources */ = {isa = PBXBuildFile; fileRef = EBF910D31BA7CC7700787E60 /* AppDelegate.m */; };
		EBF910D71BA7CC7700787E60 /* ViewController.m in Sources */ = {isa = PBXBuildFile; fileRef = EBF910D61BA7CC7700787E60 /* ViewController.m */; };
		EBF910DA1BA7CC7700787E60 /* Main.storyboard in Resources */ = {isa = PBXBuildFile; fileRef = EBF910D81BA7CC7700787E60 /* Main.storyboard */; };
		EBF910DC1BA7CC7700787E60 /* Images.xcassets in Resources */ = {isa = PBXBuildFile; fileRef = EBF910DB1BA7CC7700787E60 /* Images.xcassets */; };
		EBF910DF1BA7CC7700787E60 /* LaunchScreen.xib in Resources */ = {isa = PBXBuildFile; fileRef = EBF910DD1BA7CC7700787E60 /* LaunchScreen.xib */; };
		EBF910EB1BA7CC7700787E60 /* ArrayContainSameObjectTests.m in Sources */ = {isa = PBXBuildFile; fileRef = EBF910EA1BA7CC7700787E60 /* ArrayContainSameObjectTests.m */; };
/* End PBXBuildFile section */

/* Begin PBXContainerItemProxy section */
		EBF910E51BA7CC7700787E60 /* PBXContainerItemProxy */ = {
			isa = PBXContainerItemProxy;
			containerPortal = EBF910C31BA7CC7700787E60 /* Project object */;
			proxyType = 1;
			remoteGlobalIDString = EBF910CA1BA7CC7700787E60;
			remoteInfo = ArrayContainSameObject;
		};
/* End PBXContainerItemProxy section */

/* Begin PBXFileReference section */
		EBF910CB1BA7CC7700787E60 /* ArrayContainSameObject.app */ = {isa = PBXFileReference; explicitFileType = wrapper.application; includeInIndex = 0; path = ArrayContainSameObject.app; sourceTree = BUILT_PRODUCTS_DIR; };
		EBF910CF1BA7CC7700787E60 /* Info.plist */ = {isa = PBXFileReference; lastKnownFileType = text.plist.xml; path = Info.plist; sourceTree = "<group>"; };
		EBF910D01BA7CC7700787E60 /* main.m */ = {isa = PBXFileReference; lastKnownFileType = sourcecode.c.objc; path = main.m; sourceTree = "<group>"; };
		EBF910D21BA7CC7700787E60 /* AppDelegate.h */ = {isa = PBXFileReference; lastKnownFileType = sourcecode.c.h; path = AppDelegate.h; sourceTree = "<group>"; };
		EBF910D31BA7CC7700787E60 /* AppDelegate.m */ = {isa = PBXFileReference; lastKnownFileType = sourcecode.c.objc; path = AppDelegate.m; sourceTree = "<group>"; };
		EBF910D51BA7CC7700787E60 /* ViewController.h */ = {isa = PBXFileReference; lastKnownFileType = sourcecode.c.h; path = ViewController.h; sourceTree = "<group>"; };
		EBF910D61BA7CC7700787E60 /* ViewController.m */ = {isa = PBXFileReference; lastKnownFileType = sourcecode.c.objc; path = ViewController.m; sourceTree = "<group>"; };
		EBF910D91BA7CC7700787E60 /* Base */ = {isa = PBXFileReference; lastKnownFileType = file.storyboard; name = Base; path = Base.lproj/Main.storyboard; sourceTree = "<group>"; };
		EBF910DB1BA7CC7700787E60 /* Images.xcassets */ = {isa = PBXFileReference; lastKnownFileType = folder.assetcatalog; path = Images.xcassets; sourceTree = "<group>"; };
		EBF910DE1BA7CC7700787E60 /* Base */ = {isa = PBXFileReference; lastKnownFileType = file.xib; name = Base; path = Base.lproj/LaunchScreen.xib; sourceTree = "<group>"; };
		EBF910E41BA7CC7700787E60 /* ArrayContainSameObjectTests.xctest */ = {isa = PBXFileReference; explicitFileType = wrapper.cfbundle; includeInIndex = 0; path = ArrayContainSameObjectTests.xctest; sourceTree = BUILT_PRODUCTS_DIR; };
		EBF910E91BA7CC7700787E60 /* Info.plist */ = {isa = PBXFileReference; lastKnownFileType = text.plist.xml; path = Info.plist; sourceTree = "<group>"; };
		EBF910EA1BA7CC7700787E60 /* ArrayContainSameObjectTests.m */ = {isa = PBXFileReference; lastKnownFileType = sourcecode.c.objc; path = ArrayContainSameObjectTests.m; sourceTree = "<group>"; };
/* End PBXFileReference section */

/* Begin PBXFrameworksBuildPhase section */
		EBF910C81BA7CC7700787E60 /* Frameworks */ = {
			isa = PBXFrameworksBuildPhase;
			buildActionMask = 2147483647;
			files = (
			);
			runOnlyForDeploymentPostprocessing = 0;
		};
		EBF910E11BA7CC7700787E60 /* Frameworks */ = {
			isa = PBXFrameworksBuildPhase;
			buildActionMask = 2147483647;
			files = (
			);
			runOnlyForDeploymentPostprocessing = 0;
		};
/* End PBXFrameworksBuildPhase section */

/* Begin PBXGroup section */
		EBF910C21BA7CC7700787E60 = {
			isa = PBXGroup;
			children = (
				EBF910CD1BA7CC7700787E60 /* ArrayContainSameObject */,
				EBF910E71BA7CC7700787E60 /* ArrayContainSameObjectTests */,
				EBF910CC1BA7CC7700787E60 /* Products */,
			);
			sourceTree = "<group>";
		};
		EBF910CC1BA7CC7700787E60 /* Products */ = {
			isa = PBXGroup;
			children = (
				EBF910CB1BA7CC7700787E60 /* ArrayContainSameObject.app */,
				EBF910E41BA7CC7700787E60 /* ArrayContainSameObjectTests.xctest */,
			);
			name = Products;
			sourceTree = "<group>";
		};
		EBF910CD1BA7CC7700787E60 /* ArrayContainSameObject */ = {
			isa = PBXGroup;
			children = (
				EBF910D21BA7CC7700787E60 /* AppDelegate.h */,
				EBF910D31BA7CC7700787E60 /* AppDelegate.m */,
				EBF910D51BA7CC7700787E60 /* ViewController.h */,
				EBF910D61BA7CC7700787E60 /* ViewController.m */,
				EBF910D81BA7CC7700787E60 /* Main.storyboard */,
				EBF910DB1BA7CC7700787E60 /* Images.xcassets */,
				EBF910DD1BA7CC7700787E60 /* LaunchScreen.xib */,
				EBF910CE1BA7CC7700787E60 /* Supporting Files */,
			);
			path = ArrayContainSameObject;
			sourceTree = "<group>";
		};
		EBF910CE1BA7CC7700787E60 /* Supporting Files */ = {
			isa = PBXGroup;
			children = (
				EBF910CF1BA7CC7700787E60 /* Info.plist */,
				EBF910D01BA7CC7700787E60 /* main.m */,
			);
			name = "Supporting Files";
			sourceTree = "<group>";
		};
		EBF910E71BA7CC7700787E60 /* ArrayContainSameObjectTests */ = {
			isa = PBXGroup;
			children = (
				EBF910EA1BA7CC7700787E60 /* ArrayContainSameObjectTests.m */,
				EBF910E81BA7CC7700787E60 /* Supporting Files */,
			);
			path = ArrayContainSameObjectTests;
			sourceTree = "<group>";
		};
		EBF910E81BA7CC7700787E60 /* Supporting Files */ = {
			isa = PBXGroup;
			children = (
				EBF910E91BA7CC7700787E60 /* Info.plist */,
			);
			name = "Supporting Files";
			sourceTree = "<group>";
		};
/* End PBXGroup section */

/* Begin PBXNativeTarget section */
		EBF910CA1BA7CC7700787E60 /* ArrayContainSameObject */ = {
			isa = PBXNativeTarget;
			buildConfigurationList = EBF910EE1BA7CC7700787E60 /* Build configuration list for PBXNativeTarget "ArrayContainSameObject" */;
			buildPhases = (
				EBF910C71BA7CC7700787E60 /* Sources */,
				EBF910C81BA7CC7700787E60 /* Frameworks */,
				EBF910C91BA7CC7700787E60 /* Resources */,
			);
			buildRules = (
			);
			dependencies = (
			);
			name = ArrayContainSameObject;
			productName = ArrayContainSameObject;
			productReference = EBF910CB1BA7CC7700787E60 /* ArrayContainSameObject.app */;
			productType = "com.apple.product-type.application";
		};
		EBF910E31BA7CC7700787E60 /* ArrayContainSameObjectTests */ = {
			isa = PBXNativeTarget;
			buildConfigurationList = EBF910F11BA7CC7700787E60 /* Build configuration list for PBXNativeTarget "ArrayContainSameObjectTests" */;
			buildPhases = (
				EBF910E01BA7CC7700787E60 /* Sources */,
				EBF910E11BA7CC7700787E60 /* Frameworks */,
				EBF910E21BA7CC7700787E60 /* Resources */,
			);
			buildRules = (
			);
			dependencies = (
				EBF910E61BA7CC7700787E60 /* PBXTargetDependency */,
			);
			name = ArrayContainSameObjectTests;
			productName = ArrayContainSameObjectTests;
			productReference = EBF910E41BA7CC7700787E60 /* ArrayContainSameObjectTests.xctest */;
			productType = "com.apple.product-type.bundle.unit-test";
		};
/* End PBXNativeTarget section */

/* Begin PBXProject section */
		EBF910C31BA7CC7700787E60 /* Project object */ = {
			isa = PBXProject;
			attributes = {
				LastUpgradeCheck = 0630;
				ORGANIZATIONNAME = nododo;
				TargetAttributes = {
					EBF910CA1BA7CC7700787E60 = {
						CreatedOnToolsVersion = 6.3.1;
					};
					EBF910E31BA7CC7700787E60 = {
						CreatedOnToolsVersion = 6.3.1;
						TestTargetID = EBF910CA1BA7CC7700787E60;
					};
				};
			};
			buildConfigurationList = EBF910C61BA7CC7700787E60 /* Build configuration list for PBXProject "ArrayContainSameObject" */;
			compatibilityVersion = "Xcode 3.2";
			developmentRegion = English;
			hasScannedForEncodings = 0;
			knownRegions = (
				en,
				Base,
			);
			mainGroup = EBF910C21BA7CC7700787E60;
			productRefGroup = EBF910CC1BA7CC7700787E60 /* Products */;
			projectDirPath = "";
			projectRoot = "";
			targets = (
				EBF910CA1BA7CC7700787E60 /* ArrayContainSameObject */,
				EBF910E31BA7CC7700787E60 /* ArrayContainSameObjectTests */,
			);
		};
/* End PBXProject section */

/* Begin PBXResourcesBuildPhase section */
		EBF910C91BA7CC7700787E60 /* Resources */ = {
			isa = PBXResourcesBuildPhase;
			buildActionMask = 2147483647;
			files = (
				EBF910DA1BA7CC7700787E60 /* Main.storyboard in Resources */,
				EBF910DF1BA7CC7700787E60 /* LaunchScreen.xib in Resources */,
				EBF910DC1BA7CC7700787E60 /* Images.xcassets in Resources */,
			);
			runOnlyForDeploymentPostprocessing = 0;
		};
		EBF910E21BA7CC7700787E60 /* Resources */ = {
			isa = PBXResourcesBuildPhase;
			buildActionMask = 2147483647;
			files = (
			);
			runOnlyForDeploymentPostprocessing = 0;
		};
/* End PBXResourcesBuildPhase section */

/* Begin PBXSourcesBuildPhase section */
		EBF910C71BA7CC7700787E60 /* Sources */ = {
			isa = PBXSourcesBuildPhase;
			buildActionMask = 2147483647;
			files = (
				EBF910D71BA7CC7700787E60 /* ViewController.m in Sources */,
				EBF910D41BA7CC7700787E60 /* AppDelegate.m in Sources */,
				EBF910D11BA7CC7700787E60 /* main.m in Sources */,
			);
			runOnlyForDeploymentPostprocessing = 0;
		};
		EBF910E01BA7CC7700787E60 /* Sources */ = {
			isa = PBXSourcesBuildPhase;
			buildActionMask = 2147483647;
			files = (
				EBF910EB1BA7CC7700787E60 /* ArrayContainSameObjectTests.m in Sources */,
			);
			runOnlyForDeploymentPostprocessing = 0;
		};
/* End PBXSourcesBuildPhase section */

/* Begin PBXTargetDependency section */
		EBF910E61BA7CC7700787E60 /* PBXTargetDependency */ = {
			isa = PBXTargetDependency;
			target = EBF910CA1BA7CC7700787E60 /* ArrayContainSameObject */;
			targetProxy = EBF910E51BA7CC7700787E60 /* PBXContainerItemProxy */;
		};
/* End PBXTargetDependency section */

/* Begin PBXVariantGroup section */
		EBF910D81BA7CC7700787E60 /* Main.storyboard */ = {
			isa = PBXVariantGroup;
			children = (
				EBF910D91BA7CC7700787E60 /* Base */,
			);
			name = Main.storyboard;
			sourceTree = "<group>";
		};
		EBF910DD1BA7CC7700787E60 /* LaunchScreen.xib */ = {
			isa = PBXVariantGroup;
			children = (
				EBF910DE1BA7CC7700787E60 /* Base */,
			);
			name = LaunchScreen.xib;
			sourceTree = "<group>";
		};
/* End PBXVariantGroup section */

/* Begin XCBuildConfiguration section */
		EBF910EC1BA7CC7700787E60 /* Debug */ = {
			isa = XCBuildConfiguration;
			buildSettings = {
				ALWAYS_SEARCH_USER_PATHS = NO;
				CLANG_CXX_LANGUAGE_STANDARD = "gnu++0x";
				CLANG_CXX_LIBRARY = "libc++";
				CLANG_ENABLE_MODULES = YES;
				CLANG_ENABLE_OBJC_ARC = YES;
				CLANG_WARN_BOOL_CONVERSION = YES;
				CLANG_WARN_CONSTANT_CONVERSION = YES;
				CLANG_WARN_DIRECT_OBJC_ISA_USAGE = YES_ERROR;
				CLANG_WARN_EMPTY_BODY = YES;
				CLANG_WARN_ENUM_CONVERSION = YES;
				CLANG_WARN_INT_CONVERSION = YES;
				CLANG_WARN_OBJC_ROOT_CLASS = YES_ERROR;
				CLANG_WARN_UNREACHABLE_CODE = YES;
				CLANG_WARN__DUPLICATE_METHOD_MATCH = YES;
				"CODE_SIGN_IDENTITY[sdk=iphoneos*]" = "iPhone Developer";
				COPY_PHASE_STRIP = NO;
				DEBUG_INFORMATION_FORMAT = "dwarf-with-dsym";
				ENABLE_STRICT_OBJC_MSGSEND = YES;
				GCC_C_LANGUAGE_STANDARD = gnu99;
				GCC_DYNAMIC_NO_PIC = NO;
				GCC_NO_COMMON_BLOCKS = YES;
				GCC_OPTIMIZATION_LEVEL = 0;
				GCC_PREPROCESSOR_DEFINITIONS = (
					"DEBUG=1",
					"$(inherited)",
				);
				GCC_SYMBOLS_PRIVATE_EXTERN = NO;
				GCC_WARN_64_TO_32_BIT_CONVERSION = YES;
				GCC_WARN_ABOUT_RETURN_TYPE = YES_ERROR;
				GCC_WARN_UNDECLARED_SELECTOR = YES;
				GCC_WARN_UNINITIALIZED_AUTOS = YES_AGGRESSIVE;
				GCC_WARN_UNUSED_FUNCTION = YES;
				GCC_WARN_UNUSED_VARIABLE = YES;
				IPHONEOS_DEPLOYMENT_TARGET = 8.3;
				MTL_ENABLE_DEBUG_INFO = YES;
				ONLY_ACTIVE_ARCH = YES;
				SDKROOT = iphoneos;
			};
			name = Debug;
		};
		EBF910ED1BA7CC7700787E60 /* Release */ = {
			isa = XCBuildConfiguration;
			buildSettings = {
				ALWAYS_SEARCH_USER_PATHS = NO;
				CLANG_CXX_LANGUAGE_STANDARD = "gnu++0x";
				CLANG_CXX_LIBRARY = "libc++";
				CLANG_ENABLE_MODULES = YES;
				CLANG_ENABLE_OBJC_ARC = YES;
				CLANG_WARN_BOOL_CONVERSION = YES;
				CLANG_WARN_CONSTANT_CONVERSION = YES;
				CLANG_WARN_DIRECT_OBJC_ISA_USAGE = YES_ERROR;
				CLANG_WARN_EMPTY_BODY = YES;
				CLANG_WARN_ENUM_CONVERSION = YES;
				CLANG_WARN_INT_CONVERSION = YES;
				CLANG_WARN_OBJC_ROOT_CLASS = YES_ERROR;
				CLANG_WARN_UNREACHABLE_CODE = YES;
				CLANG_WARN__DUPLICATE_METHOD_MATCH = YES;
				"CODE_SIGN_IDENTITY[sdk=iphoneos*]" = "iPhone Developer";
				COPY_PHASE_STRIP = NO;
				DEBUG_INFORMATION_FORMAT = "dwarf-with-dsym";
				ENABLE_NS_ASSERTIONS = NO;
				ENABLE_STRICT_OBJC_MSGSEND = YES;
				GCC_C_LANGUAGE_STANDARD = gnu99;
				GCC_NO_COMMON_BLOCKS = YES;
				GCC_WARN_64_TO_32_BIT_CONVERSION = YES;
				GCC_WARN_ABOUT_RETURN_TYPE = YES_ERROR;
				GCC_WARN_UNDECLARED_SELECTOR = YES;
				GCC_WARN_UNINITIALIZED_AUTOS = YES_AGGRESSIVE;
				GCC_WARN_UNUSED_FUNCTION = YES;
				GCC_WARN_UNUSED_VARIABLE = YES;
				IPHONEOS_DEPLOYMENT_TARGET = 8.3;
				MTL_ENABLE_DEBUG_INFO = NO;
				SDKROOT = iphoneos;
				VALIDATE_PRODUCT = YES;
			};
			name = Release;
		};
		EBF910EF1BA7CC7700787E60 /* Debug */ = {
			isa = XCBuildConfiguration;
			buildSettings = {
				ASSETCATALOG_COMPILER_APPICON_NAME = AppIcon;
				INFOPLIST_FILE = ArrayContainSameObject/Info.plist;
				LD_RUNPATH_SEARCH_PATHS = "$(inherited) @executable_path/Frameworks";
				PRODUCT_NAME = "$(TARGET_NAME)";
			};
			name = Debug;
		};
		EBF910F01BA7CC7700787E60 /* Release */ = {
			isa = XCBuildConfiguration;
			buildSettings = {
				ASSETCATALOG_COMPILER_APPICON_NAME = AppIcon;
				INFOPLIST_FILE = ArrayContainSameObject/Info.plist;
				LD_RUNPATH_SEARCH_PATHS = "$(inherited) @executable_path/Frameworks";
				PRODUCT_NAME = "$(TARGET_NAME)";
			};
			name = Release;
		};
		EBF910F21BA7CC7700787E60 /* Debug */ = {
			isa = XCBuildConfiguration;
			buildSettings = {
				BUNDLE_LOADER = "$(TEST_HOST)";
				FRAMEWORK_SEARCH_PATHS = (
					"$(SDKROOT)/Developer/Library/Frameworks",
					"$(inherited)",
				);
				GCC_PREPROCESSOR_DEFINITIONS = (
					"DEBUG=1",
					"$(inherited)",
				);
				INFOPLIST_FILE = ArrayContainSameObjectTests/Info.plist;
				LD_RUNPATH_SEARCH_PATHS = "$(inherited) @executable_path/Frameworks @loader_path/Frameworks";
				PRODUCT_NAME = "$(TARGET_NAME)";
				TEST_HOST = "$(BUILT_PRODUCTS_DIR)/ArrayContainSameObject.app/ArrayContainSameObject";
			};
			name = Debug;
		};
		EBF910F31BA7CC7700787E60 /* Release */ = {
			isa = XCBuildConfiguration;
			buildSettings = {
				BUNDLE_LOADER = "$(TEST_HOST)";
				FRAMEWORK_SEARCH_PATHS = (
					"$(SDKROOT)/Developer/Library/Frameworks",
					"$(inherited)",
				);
				INFOPLIST_FILE = ArrayContainSameObjectTests/Info.plist;
				LD_RUNPATH_SEARCH_PATHS = "$(inherited) @executable_path/Frameworks @loader_path/Frameworks";
				PRODUCT_NAME = "$(TARGET_NAME)";
				TEST_HOST = "$(BUILT_PRODUCTS_DIR)/ArrayContainSameObject.app/ArrayContainSameObject";
			};
			name = Release;
		};
/* End XCBuildConfiguration section */

/* Begin XCConfigurationList section */
		EBF910C61BA7CC7700787E60 /* Build configuration list for PBXProject "ArrayContainSameObject" */ = {
			isa = XCConfigurationList;
			buildConfigurations = (
				EBF910EC1BA7CC7700787E60 /* Debug */,
				EBF910ED1BA7CC7700787E60 /* Release */,
			);
			defaultConfigurationIsVisible = 0;
			defaultConfigurationName = Release;
		};
		EBF910EE1BA7CC7700787E60 /* Build configuration list for PBXNativeTarget "ArrayContainSameObject" */ = {
			isa = XCConfigurationList;
			buildConfigurations = (
				EBF910EF1BA7CC7700787E60 /* Debug */,
				EBF910F01BA7CC7700787E60 /* Release */,
			);
			defaultConfigurationIsVisible = 0;
		};
		EBF910F11BA7CC7700787E60 /* Build configuration list for PBXNativeTarget "ArrayContainSameObjectTests" */ = {
			isa = XCConfigurationList;
			buildConfigurations = (
				EBF910F21BA7CC7700787E60 /* Debug */,
				EBF910F31BA7CC7700787E60 /* Release */,
			);
			defaultConfigurationIsVisible = 0;
		};
/* End XCConfigurationList section */
	};
	rootObject = EBF910C31BA7CC7700787E60 /* Project object */;
}
